
Microsoft Visual Studio Solution File, Format Version 12.00
# Visual Studio Version 16
VisualStudioVersion = 16.0.29613.14
MinimumVisualStudioVersion = 15.0.26124.0
Project("{2150E333-8FDC-42A3-9474-1A3956D46DE8}") = "src", "src", "{EA5E9D6F-CDE7-42B1-BEBB-FBD48A067152}"
EndProject
Project("{9A19103F-16F7-4668-BE54-9A1E7A4F7556}") = "mvp.identity", "src\mvp.identity\mvp.identity.csproj", "{46BE8ECD-FE5D-4FF6-BA4B-35A13A45E53E}"
EndProject
Global
	GlobalSection(SolutionConfigurationPlatforms) = preSolution
		Debug|Any CPU = Debug|Any CPU
		Debug|x64 = Debug|x64
		Debug|x86 = Debug|x86
		Release|Any CPU = Release|Any CPU
		Release|x64 = Release|x64
		Release|x86 = Release|x86
	EndGlobalSection
	GlobalSection(ProjectConfigurationPlatforms) = postSolution
		{46BE8ECD-FE5D-4FF6-BA4B-35A13A45E53E}.Debug|Any CPU.ActiveCfg = Debug|Any CPU
		{46BE8ECD-FE5D-4FF6-BA4B-35A13A45E53E}.Debug|Any CPU.Build.0 = Debug|Any CPU
		{46BE8ECD-FE5D-4FF6-BA4B-35A13A45E53E}.Debug|x64.ActiveCfg = Debug|Any CPU
		{46BE8ECD-FE5D-4FF6-BA4B-35A13A45E53E}.Debug|x64.Build.0 = Debug|Any CPU
		{46BE8ECD-FE5D-4FF6-BA4B-35A13A45E53E}.Debug|x86.ActiveCfg = Debug|Any CPU
		{46BE8ECD-FE5D-4FF6-BA4B-35A13A45E53E}.Debug|x86.Build.0 = Debug|Any CPU
		{46BE8ECD-FE5D-4FF6-BA4B-35A13A45E53E}.Release|Any CPU.ActiveCfg = Release|Any CPU
		{46BE8ECD-FE5D-4FF6-BA4B-35A13A45E53E}.Release|Any CPU.Build.0 = Release|Any CPU
		{46BE8ECD-FE5D-4FF6-BA4B-35A13A45E53E}.Release|x64.ActiveCfg = Release|Any CPU
		{46BE8ECD-FE5D-4FF6-BA4B-35A13A45E53E}.Release|x64.Build.0 = Release|Any CPU
		{46BE8ECD-FE5D-4FF6-BA4B-35A13A45E53E}.Release|x86.ActiveCfg = Release|Any CPU
		{46BE8ECD-FE5D-4FF6-BA4B-35A13A45E53E}.Release|x86.Build.0 = Release|Any CPU
	EndGlobalSection
	GlobalSection(SolutionProperties) = preSolution
		HideSolutionNode = FALSE
	EndGlobalSection
	GlobalSection(NestedProjects) = preSolution
		{46BE8ECD-FE5D-4FF6-BA4B-35A13A45E53E} = {EA5E9D6F-CDE7-42B1-BEBB-FBD48A067152}
	EndGlobalSection
	GlobalSection(ExtensibilityGlobals) = postSolution
		SolutionGuid = {9EB36010-7A31-46FE-86F8-207E9E8BD8C0}
	EndGlobalSection
EndGlobal
